github.com/seancfoley/bintree v1.1.0 h1:6J0rj9hLNLIcWSsfYdZ4ZHkMHokaK/PHkak8qyBO/mc=
github.com/seancfoley/bintree v1.1.0/go.mod h1:CtE6qO6/n9H3V2CAGEC0lpaYr6/OijhNaMG/dt7P70c=
github.com/seancfoley/bintree v1.3.1 h1:cqmmQK7Jm4aw8gna0bP+huu5leVOgHGSJBEpUx3EXGI=
github.com/seancfoley/bintree v1.3.1/go.mod h1:hIUabL8OFYyFVTQ6azeajbopogQc2l5C/hiXMcemWNU=
github.com/seancfoley/ipaddress-go v1.2.1 h1:yEZxnyC6NQEDDPflyQm4KkWozffx1vHWsx+knKBr/n0=
github.com/seancfoley/ipaddress-go v1.2.1/go.mod h1:/UEVHyrBg1ASVap2ffdY2cq5UMYIX9f3QW3uWSVqpbo=
github.com/seancfoley/ipaddress-go v1.7.0 h1:vWp3SR3k+HkV3aKiNO2vEe6xbVxS0x/Ixw6hgyP238s=
github.com/seancfoley/ipaddress-go v1.7.0/go.mod h1:TQRZgv+9jdvzHmKoPGBMxyiaVmoI0rYpfEk8Q/sL/Iw=
